
Microsoft Visual Studio Solution File, Format Version 12.00
Project("{F2A71F9B-5D33-465A-A702-920D77279786}") = "FileCopyFinder.FuncUI", "FileCopyFinder.FuncUI\FileCopyFinder.FuncUI.fsproj", "{FD89C7D9-1DDE-425C-B76C-1025E194034D}"
EndProject
Project("{FAE04EC0-301F-11D3-BF4B-00C04F79EFBC}") = "FileCopyFinder.UI.RxUI", "FileCopyFinder.UI.RxUI\FileCopyFinder.UI.RxUI.csproj", "{0DFEE21C-B7C9-42E4-A209-0E9B4F896710}"
EndProject
Global
	GlobalSection(SolutionConfigurationPlatforms) = preSolution
		Debug|Any CPU = Debug|Any CPU
		Release|Any CPU = Release|Any CPU
	EndGlobalSection
	GlobalSection(ProjectConfigurationPlatforms) = postSolution
		{FD89C7D9-1DDE-425C-B76C-1025E194034D}.Debug|Any CPU.ActiveCfg = Debug|Any CPU
		{FD89C7D9-1DDE-425C-B76C-1025E194034D}.Debug|Any CPU.Build.0 = Debug|Any CPU
		{FD89C7D9-1DDE-425C-B76C-1025E194034D}.Release|Any CPU.ActiveCfg = Release|Any CPU
		{FD89C7D9-1DDE-425C-B76C-1025E194034D}.Release|Any CPU.Build.0 = Release|Any CPU
		{0DFEE21C-B7C9-42E4-A209-0E9B4F896710}.Debug|Any CPU.ActiveCfg = Debug|Any CPU
		{0DFEE21C-B7C9-42E4-A209-0E9B4F896710}.Debug|Any CPU.Build.0 = Debug|Any CPU
		{0DFEE21C-B7C9-42E4-A209-0E9B4F896710}.Release|Any CPU.ActiveCfg = Release|Any CPU
		{0DFEE21C-B7C9-42E4-A209-0E9B4F896710}.Release|Any CPU.Build.0 = Release|Any CPU
	EndGlobalSection
EndGlobal
