
Microsoft Visual Studio Solution File, Format Version 12.00
Project("{F2A71F9B-5D33-465A-A702-920D77279786}") = "FileCopyFinder", "FileCopyFinder\FileCopyFinder.fsproj", "{FD89C7D9-1DDE-425C-B76C-1025E194034D}"
EndProject
Project("{F2A71F9B-5D33-465A-A702-920D77279786}") = "FileCopyFinder.UI", "FileCopyFinder.UI\FileCopyFinder.UI.fsproj", "{B961E98D-CF94-4EE3-8373-86DAF668A3F1}"
EndProject
Global
	GlobalSection(SolutionConfigurationPlatforms) = preSolution
		Debug|Any CPU = Debug|Any CPU
		Release|Any CPU = Release|Any CPU
	EndGlobalSection
	GlobalSection(ProjectConfigurationPlatforms) = postSolution
		{FD89C7D9-1DDE-425C-B76C-1025E194034D}.Debug|Any CPU.ActiveCfg = Debug|Any CPU
		{FD89C7D9-1DDE-425C-B76C-1025E194034D}.Debug|Any CPU.Build.0 = Debug|Any CPU
		{FD89C7D9-1DDE-425C-B76C-1025E194034D}.Release|Any CPU.ActiveCfg = Release|Any CPU
		{FD89C7D9-1DDE-425C-B76C-1025E194034D}.Release|Any CPU.Build.0 = Release|Any CPU
		{B961E98D-CF94-4EE3-8373-86DAF668A3F1}.Debug|Any CPU.ActiveCfg = Debug|Any CPU
		{B961E98D-CF94-4EE3-8373-86DAF668A3F1}.Debug|Any CPU.Build.0 = Debug|Any CPU
		{B961E98D-CF94-4EE3-8373-86DAF668A3F1}.Release|Any CPU.ActiveCfg = Release|Any CPU
		{B961E98D-CF94-4EE3-8373-86DAF668A3F1}.Release|Any CPU.Build.0 = Release|Any CPU
	EndGlobalSection
EndGlobal
